
Microsoft Visual Studio Solution File, Format Version 11.00
# Visual Studio 2010
Project("{FAE04EC0-301F-11D3-BF4B-00C04F79EFBC}") = "TaxiForecast", "TaxiForecast\TaxiForecast.csproj", "{96A0ED1C-6B1B-4AC1-B2BE-D21A6E7D1BAE}"
EndProject
Global
	GlobalSection(SolutionConfigurationPlatforms) = preSolution
		Debug|Any CPU = Debug|Any CPU
		Release|Any CPU = Release|Any CPU
	EndGlobalSection
	GlobalSection(ProjectConfigurationPlatforms) = postSolution
		{96A0ED1C-6B1B-4AC1-B2BE-D21A6E7D1BAE}.Debug|Any CPU.ActiveCfg = Debug|Any CPU
		{96A0ED1C-6B1B-4AC1-B2BE-D21A6E7D1BAE}.Debug|Any CPU.Build.0 = Debug|Any CPU
		{96A0ED1C-6B1B-4AC1-B2BE-D21A6E7D1BAE}.Release|Any CPU.ActiveCfg = Release|Any CPU
		{96A0ED1C-6B1B-4AC1-B2BE-D21A6E7D1BAE}.Release|Any CPU.Build.0 = Release|Any CPU
	EndGlobalSection
	GlobalSection(SolutionProperties) = preSolution
		HideSolutionNode = FALSE
	EndGlobalSection
EndGlobal
